
Microsoft Visual Studio Solution File, Format Version 12.00
# Visual Studio Version 16
VisualStudioVersion = 16.0.30711.63
MinimumVisualStudioVersion = 10.0.40219.1
Project("{9A19103F-16F7-4668-BE54-9A1E7A4F7556}") = "Station.Server", "src\Station.Server\Station.Server.csproj", "{812B478B-4BCD-4B57-B00D-320ADCD8CBA7}"
EndProject
Project("{9A19103F-16F7-4668-BE54-9A1E7A4F7556}") = "Station.Client", "src\Station.Client\Station.Client.csproj", "{574505D4-5089-4BBE-BB66-DB277B10C5D0}"
EndProject
Project("{9A19103F-16F7-4668-BE54-9A1E7A4F7556}") = "Station.Shared", "src\Station.Shared\Station.Shared.csproj", "{E9281DE8-5C27-42AD-85F3-410C0114CF48}"
EndProject
Project("{2150E333-8FDC-42A3-9474-1A3956D46DE8}") = "src", "src", "{F6EF24A4-31EE-40AF-9A0D-E6640290CB72}"
EndProject
Global
	GlobalSection(SolutionConfigurationPlatforms) = preSolution
		Debug|Any CPU = Debug|Any CPU
		Release|Any CPU = Release|Any CPU
	EndGlobalSection
	GlobalSection(ProjectConfigurationPlatforms) = postSolution
		{812B478B-4BCD-4B57-B00D-320ADCD8CBA7}.Debug|Any CPU.ActiveCfg = Debug|Any CPU
		{812B478B-4BCD-4B57-B00D-320ADCD8CBA7}.Debug|Any CPU.Build.0 = Debug|Any CPU
		{812B478B-4BCD-4B57-B00D-320ADCD8CBA7}.Release|Any CPU.ActiveCfg = Release|Any CPU
		{812B478B-4BCD-4B57-B00D-320ADCD8CBA7}.Release|Any CPU.Build.0 = Release|Any CPU
		{574505D4-5089-4BBE-BB66-DB277B10C5D0}.Debug|Any CPU.ActiveCfg = Debug|Any CPU
		{574505D4-5089-4BBE-BB66-DB277B10C5D0}.Debug|Any CPU.Build.0 = Debug|Any CPU
		{574505D4-5089-4BBE-BB66-DB277B10C5D0}.Release|Any CPU.ActiveCfg = Release|Any CPU
		{574505D4-5089-4BBE-BB66-DB277B10C5D0}.Release|Any CPU.Build.0 = Release|Any CPU
		{E9281DE8-5C27-42AD-85F3-410C0114CF48}.Debug|Any CPU.ActiveCfg = Debug|Any CPU
		{E9281DE8-5C27-42AD-85F3-410C0114CF48}.Debug|Any CPU.Build.0 = Debug|Any CPU
		{E9281DE8-5C27-42AD-85F3-410C0114CF48}.Release|Any CPU.ActiveCfg = Release|Any CPU
		{E9281DE8-5C27-42AD-85F3-410C0114CF48}.Release|Any CPU.Build.0 = Release|Any CPU
	EndGlobalSection
	GlobalSection(SolutionProperties) = preSolution
		HideSolutionNode = FALSE
	EndGlobalSection
	GlobalSection(NestedProjects) = preSolution
		{812B478B-4BCD-4B57-B00D-320ADCD8CBA7} = {F6EF24A4-31EE-40AF-9A0D-E6640290CB72}
		{574505D4-5089-4BBE-BB66-DB277B10C5D0} = {F6EF24A4-31EE-40AF-9A0D-E6640290CB72}
		{E9281DE8-5C27-42AD-85F3-410C0114CF48} = {F6EF24A4-31EE-40AF-9A0D-E6640290CB72}
	EndGlobalSection
	GlobalSection(ExtensibilityGlobals) = postSolution
		SolutionGuid = {F64D9AF8-1D0F-4616-83C7-91BD606FF925}
	EndGlobalSection
EndGlobal
